
Microsoft Visual Studio Solution File, Format Version 12.00
# Visual Studio Version 17
VisualStudioVersion = 17.0.31903.59
MinimumVisualStudioVersion = 10.0.40219.1
Project("{9A19103F-16F7-4668-BE54-9A1E7A4F7556}") = "Pin.DartsTournament.Blazor", "Pin.DartsTournament.Blazor\Pin.DartsTournament.Blazor.csproj", "{90179EB8-C2AC-4242-B5A1-1AA32A40F7B6}"
EndProject
Project("{9A19103F-16F7-4668-BE54-9A1E7A4F7556}") = "Pin.DartsTournament.Core", "Pin.DartsTournament.Core\Pin.DartsTournament.Core.csproj", "{6EF9C683-1A8A-49AE-8FEA-2F329515C461}"
EndProject
Project("{9A19103F-16F7-4668-BE54-9A1E7A4F7556}") = "Pin.DartsTournament.Infrastructure", "Pin.DartsTournament.Infrastructure\Pin.DartsTournament.Infrastructure.csproj", "{2A77E6ED-0312-4A3B-865D-9D067A7B4227}"
EndProject
Global
	GlobalSection(SolutionConfigurationPlatforms) = preSolution
		Debug|Any CPU = Debug|Any CPU
		Release|Any CPU = Release|Any CPU
	EndGlobalSection
	GlobalSection(ProjectConfigurationPlatforms) = postSolution
		{90179EB8-C2AC-4242-B5A1-1AA32A40F7B6}.Debug|Any CPU.ActiveCfg = Debug|Any CPU
		{90179EB8-C2AC-4242-B5A1-1AA32A40F7B6}.Debug|Any CPU.Build.0 = Debug|Any CPU
		{90179EB8-C2AC-4242-B5A1-1AA32A40F7B6}.Release|Any CPU.ActiveCfg = Release|Any CPU
		{90179EB8-C2AC-4242-B5A1-1AA32A40F7B6}.Release|Any CPU.Build.0 = Release|Any CPU
		{6EF9C683-1A8A-49AE-8FEA-2F329515C461}.Debug|Any CPU.ActiveCfg = Debug|Any CPU
		{6EF9C683-1A8A-49AE-8FEA-2F329515C461}.Debug|Any CPU.Build.0 = Debug|Any CPU
		{6EF9C683-1A8A-49AE-8FEA-2F329515C461}.Release|Any CPU.ActiveCfg = Release|Any CPU
		{6EF9C683-1A8A-49AE-8FEA-2F329515C461}.Release|Any CPU.Build.0 = Release|Any CPU
		{2A77E6ED-0312-4A3B-865D-9D067A7B4227}.Debug|Any CPU.ActiveCfg = Debug|Any CPU
		{2A77E6ED-0312-4A3B-865D-9D067A7B4227}.Debug|Any CPU.Build.0 = Debug|Any CPU
		{2A77E6ED-0312-4A3B-865D-9D067A7B4227}.Release|Any CPU.ActiveCfg = Release|Any CPU
		{2A77E6ED-0312-4A3B-865D-9D067A7B4227}.Release|Any CPU.Build.0 = Release|Any CPU
	EndGlobalSection
	GlobalSection(SolutionProperties) = preSolution
		HideSolutionNode = FALSE
	EndGlobalSection
	GlobalSection(ExtensibilityGlobals) = postSolution
		SolutionGuid = {E4C05245-CDAC-482F-ADC4-0C822E822EAB}
	EndGlobalSection
EndGlobal
